
Microsoft Visual Studio Solution File, Format Version 12.00
# Visual Studio 15
VisualStudioVersion = 15.0.28010.0
MinimumVisualStudioVersion = 10.0.40219.1
Project("{FAE04EC0-301F-11D3-BF4B-00C04F79EFBC}") = "Livraria", "Livraria\Livraria.csproj", "{39F8BF2C-7ED1-42DB-831C-95CD17078BB8}"
EndProject
Global
	GlobalSection(SolutionConfigurationPlatforms) = preSolution
		Debug|Any CPU = Debug|Any CPU
		Release|Any CPU = Release|Any CPU
	EndGlobalSection
	GlobalSection(ProjectConfigurationPlatforms) = postSolution
		{39F8BF2C-7ED1-42DB-831C-95CD17078BB8}.Debug|Any CPU.ActiveCfg = Debug|Any CPU
		{39F8BF2C-7ED1-42DB-831C-95CD17078BB8}.Debug|Any CPU.Build.0 = Debug|Any CPU
		{39F8BF2C-7ED1-42DB-831C-95CD17078BB8}.Release|Any CPU.ActiveCfg = Release|Any CPU
		{39F8BF2C-7ED1-42DB-831C-95CD17078BB8}.Release|Any CPU.Build.0 = Release|Any CPU
	EndGlobalSection
	GlobalSection(SolutionProperties) = preSolution
		HideSolutionNode = FALSE
	EndGlobalSection
	GlobalSection(ExtensibilityGlobals) = postSolution
		SolutionGuid = {858F2956-07DC-4046-A427-B777C42FAE28}
	EndGlobalSection
EndGlobal
